
Microsoft Visual Studio Solution File, Format Version 12.00
# Visual Studio Version 17
VisualStudioVersion = 17.8.34525.116
MinimumVisualStudioVersion = 10.0.40219.1
Project("{8BC9CEB8-8B4A-11D0-8D11-00A0C91BC942}") = "AT1", "AT1\AT1.vcxproj", "{A52522D1-45C0-41AF-816D-EA99EE36DFB7}"
EndProject
Global
	GlobalSection(SolutionConfigurationPlatforms) = preSolution
		Debug|x64 = Debug|x64
		Debug|x86 = Debug|x86
		Release|x64 = Release|x64
		Release|x86 = Release|x86
	EndGlobalSection
	GlobalSection(ProjectConfigurationPlatforms) = postSolution
		{A52522D1-45C0-41AF-816D-EA99EE36DFB7}.Debug|x64.ActiveCfg = Debug|x64
		{A52522D1-45C0-41AF-816D-EA99EE36DFB7}.Debug|x64.Build.0 = Debug|x64
		{A52522D1-45C0-41AF-816D-EA99EE36DFB7}.Debug|x86.ActiveCfg = Debug|Win32
		{A52522D1-45C0-41AF-816D-EA99EE36DFB7}.Debug|x86.Build.0 = Debug|Win32
		{A52522D1-45C0-41AF-816D-EA99EE36DFB7}.Release|x64.ActiveCfg = Release|x64
		{A52522D1-45C0-41AF-816D-EA99EE36DFB7}.Release|x64.Build.0 = Release|x64
		{A52522D1-45C0-41AF-816D-EA99EE36DFB7}.Release|x86.ActiveCfg = Release|Win32
		{A52522D1-45C0-41AF-816D-EA99EE36DFB7}.Release|x86.Build.0 = Release|Win32
	EndGlobalSection
	GlobalSection(SolutionProperties) = preSolution
		HideSolutionNode = FALSE
	EndGlobalSection
	GlobalSection(ExtensibilityGlobals) = postSolution
		SolutionGuid = {AB58D9D6-A904-4B8F-8E7B-C9E7E0E26FA7}
	EndGlobalSection
EndGlobal
